
Microsoft Visual Studio Solution File, Format Version 12.00
# Visual Studio Version 17
VisualStudioVersion = 17.13.35825.156 d17.13
MinimumVisualStudioVersion = 10.0.40219.1
Project("{FAE04EC0-301F-11D3-BF4B-00C04F79EFBC}") = "Ch7", "Ch7\Ch7.csproj", "{85B3B6EC-D116-496E-BC0C-A876279DA6D5}"
EndProject
Global
	GlobalSection(SolutionConfigurationPlatforms) = preSolution
		Debug|Any CPU = Debug|Any CPU
		Release|Any CPU = Release|Any CPU
	EndGlobalSection
	GlobalSection(ProjectConfigurationPlatforms) = postSolution
		{85B3B6EC-D116-496E-BC0C-A876279DA6D5}.Debug|Any CPU.ActiveCfg = Debug|Any CPU
		{85B3B6EC-D116-496E-BC0C-A876279DA6D5}.Debug|Any CPU.Build.0 = Debug|Any CPU
		{85B3B6EC-D116-496E-BC0C-A876279DA6D5}.Release|Any CPU.ActiveCfg = Release|Any CPU
		{85B3B6EC-D116-496E-BC0C-A876279DA6D5}.Release|Any CPU.Build.0 = Release|Any CPU
	EndGlobalSection
	GlobalSection(SolutionProperties) = preSolution
		HideSolutionNode = FALSE
	EndGlobalSection
	GlobalSection(ExtensibilityGlobals) = postSolution
		SolutionGuid = {27A4B42D-610C-4A52-A6DB-4DEE3A4F5172}
	EndGlobalSection
EndGlobal
