
Microsoft Visual Studio Solution File, Format Version 12.00
# Visual Studio Version 17
VisualStudioVersion = 17.13.35825.156 d17.13
MinimumVisualStudioVersion = 10.0.40219.1
Project("{FAE04EC0-301F-11D3-BF4B-00C04F79EFBC}") = "Ch4", "Ch4\Ch4.csproj", "{4F56B18E-B974-4332-A744-F16D4C9C2E8C}"
EndProject
Global
	GlobalSection(SolutionConfigurationPlatforms) = preSolution
		Debug|Any CPU = Debug|Any CPU
		Release|Any CPU = Release|Any CPU
	EndGlobalSection
	GlobalSection(ProjectConfigurationPlatforms) = postSolution
		{4F56B18E-B974-4332-A744-F16D4C9C2E8C}.Debug|Any CPU.ActiveCfg = Debug|Any CPU
		{4F56B18E-B974-4332-A744-F16D4C9C2E8C}.Debug|Any CPU.Build.0 = Debug|Any CPU
		{4F56B18E-B974-4332-A744-F16D4C9C2E8C}.Release|Any CPU.ActiveCfg = Release|Any CPU
		{4F56B18E-B974-4332-A744-F16D4C9C2E8C}.Release|Any CPU.Build.0 = Release|Any CPU
	EndGlobalSection
	GlobalSection(SolutionProperties) = preSolution
		HideSolutionNode = FALSE
	EndGlobalSection
	GlobalSection(ExtensibilityGlobals) = postSolution
		SolutionGuid = {D7A0B2A3-B331-4F21-B18C-84681E6B3A0E}
	EndGlobalSection
EndGlobal
